
Microsoft Visual Studio Solution File, Format Version 12.00
# Visual Studio Version 17
VisualStudioVersion = 17.4.33110.190
MinimumVisualStudioVersion = 10.0.40219.1
Project("{FAE04EC0-301F-11D3-BF4B-00C04F79EFBC}") = "EntityFrameworkSample", "EntityFrameworkSample\EntityFrameworkSample.csproj", "{6EAF351A-13D8-4B25-A7D2-78CEC9B62BDD}"
EndProject
Global
	GlobalSection(SolutionConfigurationPlatforms) = preSolution
		Debug|Any CPU = Debug|Any CPU
		Release|Any CPU = Release|Any CPU
	EndGlobalSection
	GlobalSection(ProjectConfigurationPlatforms) = postSolution
		{6EAF351A-13D8-4B25-A7D2-78CEC9B62BDD}.Debug|Any CPU.ActiveCfg = Debug|Any CPU
		{6EAF351A-13D8-4B25-A7D2-78CEC9B62BDD}.Debug|Any CPU.Build.0 = Debug|Any CPU
		{6EAF351A-13D8-4B25-A7D2-78CEC9B62BDD}.Release|Any CPU.ActiveCfg = Release|Any CPU
		{6EAF351A-13D8-4B25-A7D2-78CEC9B62BDD}.Release|Any CPU.Build.0 = Release|Any CPU
	EndGlobalSection
	GlobalSection(SolutionProperties) = preSolution
		HideSolutionNode = FALSE
	EndGlobalSection
	GlobalSection(ExtensibilityGlobals) = postSolution
		SolutionGuid = {368986CB-B2C9-44A9-91A6-77A070C33AC0}
	EndGlobalSection
EndGlobal
